
Microsoft Visual Studio Solution File, Format Version 12.00
# Visual Studio Version 17
VisualStudioVersion = 17.5.33502.453
MinimumVisualStudioVersion = 10.0.40219.1
Project("{8BC9CEB8-8B4A-11D0-8D11-00A0C91BC942}") = "staticfunction_157", "staticfunction_157\staticfunction_157.vcxproj", "{FABBC122-7F0F-4EFB-AFAF-AC7E45A4AF3C}"
EndProject
Project("{8BC9CEB8-8B4A-11D0-8D11-00A0C91BC942}") = "mbrstaticfunction", "mbrstaticfunction\mbrstaticfunction.vcxproj", "{CD1042AB-8255-4979-89A9-53FADFAA5B98}"
EndProject
Project("{8BC9CEB8-8B4A-11D0-8D11-00A0C91BC942}") = "chainfunction", "chainfunction\chainfunction.vcxproj", "{6D17E0A8-3DDD-46AE-883D-549A55620DE9}"
EndProject
Project("{8BC9CEB8-8B4A-11D0-8D11-00A0C91BC942}") = "destruktor", "destruktor\destruktor.vcxproj", "{44A91D7E-A8E5-4EF6-8C40-8292A6FA7C43}"
EndProject
Global
	GlobalSection(SolutionConfigurationPlatforms) = preSolution
		Debug|arm64 = Debug|arm64
		Debug|x64 = Debug|x64
		Debug|x86 = Debug|x86
		Release|arm64 = Release|arm64
		Release|x64 = Release|x64
		Release|x86 = Release|x86
	EndGlobalSection
	GlobalSection(ProjectConfigurationPlatforms) = postSolution
		{FABBC122-7F0F-4EFB-AFAF-AC7E45A4AF3C}.Debug|arm64.ActiveCfg = Debug|arm64
		{FABBC122-7F0F-4EFB-AFAF-AC7E45A4AF3C}.Debug|arm64.Build.0 = Debug|arm64
		{FABBC122-7F0F-4EFB-AFAF-AC7E45A4AF3C}.Debug|x64.ActiveCfg = Debug|x64
		{FABBC122-7F0F-4EFB-AFAF-AC7E45A4AF3C}.Debug|x64.Build.0 = Debug|x64
		{FABBC122-7F0F-4EFB-AFAF-AC7E45A4AF3C}.Debug|x86.ActiveCfg = Debug|Win32
		{FABBC122-7F0F-4EFB-AFAF-AC7E45A4AF3C}.Debug|x86.Build.0 = Debug|Win32
		{FABBC122-7F0F-4EFB-AFAF-AC7E45A4AF3C}.Release|arm64.ActiveCfg = Release|arm64
		{FABBC122-7F0F-4EFB-AFAF-AC7E45A4AF3C}.Release|arm64.Build.0 = Release|arm64
		{FABBC122-7F0F-4EFB-AFAF-AC7E45A4AF3C}.Release|x64.ActiveCfg = Release|x64
		{FABBC122-7F0F-4EFB-AFAF-AC7E45A4AF3C}.Release|x64.Build.0 = Release|x64
		{FABBC122-7F0F-4EFB-AFAF-AC7E45A4AF3C}.Release|x86.ActiveCfg = Release|Win32
		{FABBC122-7F0F-4EFB-AFAF-AC7E45A4AF3C}.Release|x86.Build.0 = Release|Win32
		{CD1042AB-8255-4979-89A9-53FADFAA5B98}.Debug|arm64.ActiveCfg = Debug|arm64
		{CD1042AB-8255-4979-89A9-53FADFAA5B98}.Debug|arm64.Build.0 = Debug|arm64
		{CD1042AB-8255-4979-89A9-53FADFAA5B98}.Debug|x64.ActiveCfg = Debug|x64
		{CD1042AB-8255-4979-89A9-53FADFAA5B98}.Debug|x64.Build.0 = Debug|x64
		{CD1042AB-8255-4979-89A9-53FADFAA5B98}.Debug|x86.ActiveCfg = Debug|Win32
		{CD1042AB-8255-4979-89A9-53FADFAA5B98}.Debug|x86.Build.0 = Debug|Win32
		{CD1042AB-8255-4979-89A9-53FADFAA5B98}.Release|arm64.ActiveCfg = Release|arm64
		{CD1042AB-8255-4979-89A9-53FADFAA5B98}.Release|arm64.Build.0 = Release|arm64
		{CD1042AB-8255-4979-89A9-53FADFAA5B98}.Release|x64.ActiveCfg = Release|x64
		{CD1042AB-8255-4979-89A9-53FADFAA5B98}.Release|x64.Build.0 = Release|x64
		{CD1042AB-8255-4979-89A9-53FADFAA5B98}.Release|x86.ActiveCfg = Release|Win32
		{CD1042AB-8255-4979-89A9-53FADFAA5B98}.Release|x86.Build.0 = Release|Win32
		{6D17E0A8-3DDD-46AE-883D-549A55620DE9}.Debug|arm64.ActiveCfg = Debug|arm64
		{6D17E0A8-3DDD-46AE-883D-549A55620DE9}.Debug|arm64.Build.0 = Debug|arm64
		{6D17E0A8-3DDD-46AE-883D-549A55620DE9}.Debug|x64.ActiveCfg = Debug|x64
		{6D17E0A8-3DDD-46AE-883D-549A55620DE9}.Debug|x64.Build.0 = Debug|x64
		{6D17E0A8-3DDD-46AE-883D-549A55620DE9}.Debug|x86.ActiveCfg = Debug|Win32
		{6D17E0A8-3DDD-46AE-883D-549A55620DE9}.Debug|x86.Build.0 = Debug|Win32
		{6D17E0A8-3DDD-46AE-883D-549A55620DE9}.Release|arm64.ActiveCfg = Release|arm64
		{6D17E0A8-3DDD-46AE-883D-549A55620DE9}.Release|arm64.Build.0 = Release|arm64
		{6D17E0A8-3DDD-46AE-883D-549A55620DE9}.Release|x64.ActiveCfg = Release|x64
		{6D17E0A8-3DDD-46AE-883D-549A55620DE9}.Release|x64.Build.0 = Release|x64
		{6D17E0A8-3DDD-46AE-883D-549A55620DE9}.Release|x86.ActiveCfg = Release|Win32
		{6D17E0A8-3DDD-46AE-883D-549A55620DE9}.Release|x86.Build.0 = Release|Win32
		{44A91D7E-A8E5-4EF6-8C40-8292A6FA7C43}.Debug|arm64.ActiveCfg = Debug|arm64
		{44A91D7E-A8E5-4EF6-8C40-8292A6FA7C43}.Debug|arm64.Build.0 = Debug|arm64
		{44A91D7E-A8E5-4EF6-8C40-8292A6FA7C43}.Debug|x64.ActiveCfg = Debug|x64
		{44A91D7E-A8E5-4EF6-8C40-8292A6FA7C43}.Debug|x64.Build.0 = Debug|x64
		{44A91D7E-A8E5-4EF6-8C40-8292A6FA7C43}.Debug|x86.ActiveCfg = Debug|Win32
		{44A91D7E-A8E5-4EF6-8C40-8292A6FA7C43}.Debug|x86.Build.0 = Debug|Win32
		{44A91D7E-A8E5-4EF6-8C40-8292A6FA7C43}.Release|arm64.ActiveCfg = Release|arm64
		{44A91D7E-A8E5-4EF6-8C40-8292A6FA7C43}.Release|arm64.Build.0 = Release|arm64
		{44A91D7E-A8E5-4EF6-8C40-8292A6FA7C43}.Release|x64.ActiveCfg = Release|x64
		{44A91D7E-A8E5-4EF6-8C40-8292A6FA7C43}.Release|x64.Build.0 = Release|x64
		{44A91D7E-A8E5-4EF6-8C40-8292A6FA7C43}.Release|x86.ActiveCfg = Release|Win32
		{44A91D7E-A8E5-4EF6-8C40-8292A6FA7C43}.Release|x86.Build.0 = Release|Win32
	EndGlobalSection
	GlobalSection(SolutionProperties) = preSolution
		HideSolutionNode = FALSE
	EndGlobalSection
	GlobalSection(ExtensibilityGlobals) = postSolution
		SolutionGuid = {92AD2511-D367-4B19-BF1A-90D6748DC536}
	EndGlobalSection
EndGlobal
